// !$*UTF8*$!
{
	archiveVersion = 1;
	classes = {
	};
	objectVersion = 55;
	objects = {

/* Begin PBXBuildFile section */
		1C005BCB28B4EDC800810E59 /* ProximaNova-Semibold-Italic.otf in Resources */ = {isa = PBXBuildFile; fileRef = 1C005BC328B4EDC700810E59 /* ProximaNova-Semibold-Italic.otf */; };
		1C005BCC28B4EDC800810E59 /* ProximaNova-Light.ttf in Resources */ = {isa = PBXBuildFile; fileRef = 1C005BC428B4EDC700810E59 /* ProximaNova-Light.ttf */; };
		1C005BCD28B4EDC800810E59 /* ProximaNova-Bold.ttf in Resources */ = {isa = PBXBuildFile; fileRef = 1C005BC528B4EDC700810E59 /* ProximaNova-Bold.ttf */; };
		1C005BCE28B4EDC800810E59 /* ProximaNova-Semibold.ttf in Resources */ = {isa = PBXBuildFile; fileRef = 1C005BC628B4EDC700810E59 /* ProximaNova-Semibold.ttf */; };
		1C005BCF28B4EDC800810E59 /* ProximaNova-Extrabld.ttf in Resources */ = {isa = PBXBuildFile; fileRef = 1C005BC728B4EDC700810E59 /* ProximaNova-Extrabld.ttf */; };
		1C005BD028B4EDC800810E59 /* ProximaNovaT-Thin.ttf in Resources */ = {isa = PBXBuildFile; fileRef = 1C005BC828B4EDC700810E59 /* ProximaNovaT-Thin.ttf */; };
		1C005BD128B4EDC800810E59 /* ProximaNova-Regular.ttf in Resources */ = {isa = PBXBuildFile; fileRef = 1C005BC928B4EDC700810E59 /* ProximaNova-Regular.ttf */; };
		1C005BD228B4EDC800810E59 /* ProximaNova-Black.ttf in Resources */ = {isa = PBXBuildFile; fileRef = 1C005BCA28B4EDC700810E59 /* ProximaNova-Black.ttf */; };
		1C428E7828B3673E00F11919 /* GolferApplicationApp.swift in Sources */ = {isa = PBXBuildFile; fileRef = 1C428E7728B3673E00F11919 /* GolferApplicationApp.swift */; };
		1C428E7A28B3673E00F11919 /* ContentView.swift in Sources */ = {isa = PBXBuildFile; fileRef = 1C428E7928B3673E00F11919 /* ContentView.swift */; };
		1C428E7C28B3674500F11919 /* Assets.xcassets in Resources */ = {isa = PBXBuildFile; fileRef = 1C428E7B28B3674500F11919 /* Assets.xcassets */; };
		1C428E7F28B3674500F11919 /* Preview Assets.xcassets in Resources */ = {isa = PBXBuildFile; fileRef = 1C428E7E28B3674500F11919 /* Preview Assets.xcassets */; };
		1C428E8628B367C500F11919 /* LaunchScreen.storyboard in Resources */ = {isa = PBXBuildFile; fileRef = 1C428E8528B367C400F11919 /* LaunchScreen.storyboard */; };
		1CA88FC628B3AE8A003CDC8F /* SecondScreenView.swift in Sources */ = {isa = PBXBuildFile; fileRef = 1CA88FC528B3AE8A003CDC8F /* SecondScreenView.swift */; };
		1CBAD55828C892C000E06B6E /* Extensions.swift in Sources */ = {isa = PBXBuildFile; fileRef = 1CBAD55728C892C000E06B6E /* Extensions.swift */; };
		1CBAD55A28C8A8C400E06B6E /* DevicesView.swift in Sources */ = {isa = PBXBuildFile; fileRef = 1CBAD55928C8A8C400E06B6E /* DevicesView.swift */; };
		1CBAD55C28C8ADF800E06B6E /* GolfView.swift in Sources */ = {isa = PBXBuildFile; fileRef = 1CBAD55B28C8ADF800E06B6E /* GolfView.swift */; };
		1CBAD55E28C8B3F100E06B6E /* OtherView.swift in Sources */ = {isa = PBXBuildFile; fileRef = 1CBAD55D28C8B3F100E06B6E /* OtherView.swift */; };
		1CBAD56028C8C66900E06B6E /* Tab.swift in Sources */ = {isa = PBXBuildFile; fileRef = 1CBAD55F28C8C66900E06B6E /* Tab.swift */; };
/* End PBXBuildFile section */

/* Begin PBXFileReference section */
		1C005BC328B4EDC700810E59 /* ProximaNova-Semibold-Italic.otf */ = {isa = PBXFileReference; lastKnownFileType = file; path = "ProximaNova-Semibold-Italic.otf"; sourceTree = "<group>"; };
		1C005BC428B4EDC700810E59 /* ProximaNova-Light.ttf */ = {isa = PBXFileReference; lastKnownFileType = file; path = "ProximaNova-Light.ttf"; sourceTree = "<group>"; };
		1C005BC528B4EDC700810E59 /* ProximaNova-Bold.ttf */ = {isa = PBXFileReference; lastKnownFileType = file; path = "ProximaNova-Bold.ttf"; sourceTree = "<group>"; };
		1C005BC628B4EDC700810E59 /* ProximaNova-Semibold.ttf */ = {isa = PBXFileReference; lastKnownFileType = file; path = "ProximaNova-Semibold.ttf"; sourceTree = "<group>"; };
		1C005BC728B4EDC700810E59 /* ProximaNova-Extrabld.ttf */ = {isa = PBXFileReference; lastKnownFileType = file; path = "ProximaNova-Extrabld.ttf"; sourceTree = "<group>"; };
		1C005BC828B4EDC700810E59 /* ProximaNovaT-Thin.ttf */ = {isa = PBXFileReference; lastKnownFileType = file; path = "ProximaNovaT-Thin.ttf"; sourceTree = "<group>"; };
		1C005BC928B4EDC700810E59 /* ProximaNova-Regular.ttf */ = {isa = PBXFileReference; lastKnownFileType = file; path = "ProximaNova-Regular.ttf"; sourceTree = "<group>"; };
		1C005BCA28B4EDC700810E59 /* ProximaNova-Black.ttf */ = {isa = PBXFileReference; lastKnownFileType = file; path = "ProximaNova-Black.ttf"; sourceTree = "<group>"; };
		1C005BD328B4EF9200810E59 /* Info.plist */ = {isa = PBXFileReference; lastKnownFileType = text.plist; path = Info.plist; sourceTree = "<group>"; };
		1C428E7428B3673E00F11919 /* GolferApplication.app */ = {isa = PBXFileReference; explicitFileType = wrapper.application; includeInIndex = 0; path = GolferApplication.app; sourceTree = BUILT_PRODUCTS_DIR; };
		1C428E7728B3673E00F11919 /* GolferApplicationApp.swift */ = {isa = PBXFileReference; lastKnownFileType = sourcecode.swift; path = GolferApplicationApp.swift; sourceTree = "<group>"; };
		1C428E7928B3673E00F11919 /* ContentView.swift */ = {isa = PBXFileReference; lastKnownFileType = sourcecode.swift; path = ContentView.swift; sourceTree = "<group>"; };
		1C428E7B28B3674500F11919 /* Assets.xcassets */ = {isa = PBXFileReference; lastKnownFileType = folder.assetcatalog; path = Assets.xcassets; sourceTree = "<group>"; };
		1C428E7E28B3674500F11919 /* Preview Assets.xcassets */ = {isa = PBXFileReference; lastKnownFileType = folder.assetcatalog; path = "Preview Assets.xcassets"; sourceTree = "<group>"; };
		1C428E8528B367C400F11919 /* LaunchScreen.storyboard */ = {isa = PBXFileReference; fileEncoding = 4; lastKnownFileType = file.storyboard; path = LaunchScreen.storyboard; sourceTree = "<group>"; };
		1CA88FC528B3AE8A003CDC8F /* SecondScreenView.swift */ = {isa = PBXFileReference; lastKnownFileType = sourcecode.swift; path = SecondScreenView.swift; sourceTree = "<group>"; };
		1CBAD55728C892C000E06B6E /* Extensions.swift */ = {isa = PBXFileReference; lastKnownFileType = sourcecode.swift; path = Extensions.swift; sourceTree = "<group>"; };
		1CBAD55928C8A8C400E06B6E /* DevicesView.swift */ = {isa = PBXFileReference; lastKnownFileType = sourcecode.swift; path = DevicesView.swift; sourceTree = "<group>"; };
		1CBAD55B28C8ADF800E06B6E /* GolfView.swift */ = {isa = PBXFileReference; lastKnownFileType = sourcecode.swift; path = GolfView.swift; sourceTree = "<group>"; };
		1CBAD55D28C8B3F100E06B6E /* OtherView.swift */ = {isa = PBXFileReference; lastKnownFileType = sourcecode.swift; path = OtherView.swift; sourceTree = "<group>"; };
		1CBAD55F28C8C66900E06B6E /* Tab.swift */ = {isa = PBXFileReference; lastKnownFileType = sourcecode.swift; path = Tab.swift; sourceTree = "<group>"; };
/* End PBXFileReference section */

/* Begin PBXFrameworksBuildPhase section */
		1C428E7128B3673E00F11919 /* Frameworks */ = {
			isa = PBXFrameworksBuildPhase;
			buildActionMask = 2147483647;
			files = (
			);
			runOnlyForDeploymentPostprocessing = 0;
		};
/* End PBXFrameworksBuildPhase section */

/* Begin PBXGroup section */
		1C005BC228B4EDC700810E59 /* proxima-nova */ = {
			isa = PBXGroup;
			children = (
				1C005BC328B4EDC700810E59 /* ProximaNova-Semibold-Italic.otf */,
				1C005BC428B4EDC700810E59 /* ProximaNova-Light.ttf */,
				1C005BC528B4EDC700810E59 /* ProximaNova-Bold.ttf */,
				1C005BC628B4EDC700810E59 /* ProximaNova-Semibold.ttf */,
				1C005BC728B4EDC700810E59 /* ProximaNova-Extrabld.ttf */,
				1C005BC828B4EDC700810E59 /* ProximaNovaT-Thin.ttf */,
				1C005BC928B4EDC700810E59 /* ProximaNova-Regular.ttf */,
				1C005BCA28B4EDC700810E59 /* ProximaNova-Black.ttf */,
			);
			path = "proxima-nova";
			sourceTree = "<group>";
		};
		1C428E6B28B3673E00F11919 = {
			isa = PBXGroup;
			children = (
				1C428E7628B3673E00F11919 /* GolferApplication */,
				1C428E7528B3673E00F11919 /* Products */,
			);
			sourceTree = "<group>";
		};
		1C428E7528B3673E00F11919 /* Products */ = {
			isa = PBXGroup;
			children = (
				1C428E7428B3673E00F11919 /* GolferApplication.app */,
			);
			name = Products;
			sourceTree = "<group>";
		};
		1C428E7628B3673E00F11919 /* GolferApplication */ = {
			isa = PBXGroup;
			children = (
				1C005BD328B4EF9200810E59 /* Info.plist */,
				1C428E7728B3673E00F11919 /* GolferApplicationApp.swift */,
				1CBAD56228C8E5CE00E06B6E /* Models */,
				1CBAD56128C8E10B00E06B6E /* Views */,
				1CBAD55728C892C000E06B6E /* Extensions.swift */,
				1C428E8528B367C400F11919 /* LaunchScreen.storyboard */,
				1C005BC228B4EDC700810E59 /* proxima-nova */,
				1C428E7B28B3674500F11919 /* Assets.xcassets */,
				1C428E7D28B3674500F11919 /* Preview Content */,
			);
			path = GolferApplication;
			sourceTree = "<group>";
		};
		1C428E7D28B3674500F11919 /* Preview Content */ = {
			isa = PBXGroup;
			children = (
				1C428E7E28B3674500F11919 /* Preview Assets.xcassets */,
			);
			path = "Preview Content";
			sourceTree = "<group>";
		};
		1CBAD56128C8E10B00E06B6E /* Views */ = {
			isa = PBXGroup;
			children = (
				1C428E7928B3673E00F11919 /* ContentView.swift */,
				1CA88FC528B3AE8A003CDC8F /* SecondScreenView.swift */,
				1CBAD55B28C8ADF800E06B6E /* GolfView.swift */,
				1CBAD55928C8A8C400E06B6E /* DevicesView.swift */,
				1CBAD55D28C8B3F100E06B6E /* OtherView.swift */,
			);
			path = Views;
			sourceTree = "<group>";
		};
		1CBAD56228C8E5CE00E06B6E /* Models */ = {
			isa = PBXGroup;
			children = (
				1CBAD55F28C8C66900E06B6E /* Tab.swift */,
			);
			path = Models;
			sourceTree = "<group>";
		};
/* End PBXGroup section */

/* Begin PBXNativeTarget section */
		1C428E7328B3673E00F11919 /* GolferApplication */ = {
			isa = PBXNativeTarget;
			buildConfigurationList = 1C428E8228B3674500F11919 /* Build configuration list for PBXNativeTarget "GolferApplication" */;
			buildPhases = (
				1C428E7028B3673E00F11919 /* Sources */,
				1C428E7128B3673E00F11919 /* Frameworks */,
				1C428E7228B3673E00F11919 /* Resources */,
			);
			buildRules = (
			);
			dependencies = (
			);
			name = GolferApplication;
			productName = GolferApplication;
			productReference = 1C428E7428B3673E00F11919 /* GolferApplication.app */;
			productType = "com.apple.product-type.application";
		};
/* End PBXNativeTarget section */

/* Begin PBXProject section */
		1C428E6C28B3673E00F11919 /* Project object */ = {
			isa = PBXProject;
			attributes = {
				BuildIndependentTargetsInParallel = 1;
				LastSwiftUpdateCheck = 1340;
				LastUpgradeCheck = 1340;
				TargetAttributes = {
					1C428E7328B3673E00F11919 = {
						CreatedOnToolsVersion = 13.4.1;
					};
				};
			};
			buildConfigurationList = 1C428E6F28B3673E00F11919 /* Build configuration list for PBXProject "GolferApplication" */;
			compatibilityVersion = "Xcode 13.0";
			developmentRegion = en;
			hasScannedForEncodings = 0;
			knownRegions = (
				en,
				Base,
			);
			mainGroup = 1C428E6B28B3673E00F11919;
			productRefGroup = 1C428E7528B3673E00F11919 /* Products */;
			projectDirPath = "";
			projectRoot = "";
			targets = (
				1C428E7328B3673E00F11919 /* GolferApplication */,
			);
		};
/* End PBXProject section */

/* Begin PBXResourcesBuildPhase section */
		1C428E7228B3673E00F11919 /* Resources */ = {
			isa = PBXResourcesBuildPhase;
			buildActionMask = 2147483647;
			files = (
				1C005BCC28B4EDC800810E59 /* ProximaNova-Light.ttf in Resources */,
				1C005BD028B4EDC800810E59 /* ProximaNovaT-Thin.ttf in Resources */,
				1C428E8628B367C500F11919 /* LaunchScreen.storyboard in Resources */,
				1C005BCB28B4EDC800810E59 /* ProximaNova-Semibold-Italic.otf in Resources */,
				1C005BCF28B4EDC800810E59 /* ProximaNova-Extrabld.ttf in Resources */,
				1C428E7F28B3674500F11919 /* Preview Assets.xcassets in Resources */,
				1C005BD228B4EDC800810E59 /* ProximaNova-Black.ttf in Resources */,
				1C005BD128B4EDC800810E59 /* ProximaNova-Regular.ttf in Resources */,
				1C005BCE28B4EDC800810E59 /* ProximaNova-Semibold.ttf in Resources */,
				1C005BCD28B4EDC800810E59 /* ProximaNova-Bold.ttf in Resources */,
				1C428E7C28B3674500F11919 /* Assets.xcassets in Resources */,
			);
			runOnlyForDeploymentPostprocessing = 0;
		};
/* End PBXResourcesBuildPhase section */

/* Begin PBXSourcesBuildPhase section */
		1C428E7028B3673E00F11919 /* Sources */ = {
			isa = PBXSourcesBuildPhase;
			buildActionMask = 2147483647;
			files = (
				1CBAD55C28C8ADF800E06B6E /* GolfView.swift in Sources */,
				1CBAD55A28C8A8C400E06B6E /* DevicesView.swift in Sources */,
				1CBAD55828C892C000E06B6E /* Extensions.swift in Sources */,
				1CA88FC628B3AE8A003CDC8F /* SecondScreenView.swift in Sources */,
				1CBAD55E28C8B3F100E06B6E /* OtherView.swift in Sources */,
				1CBAD56028C8C66900E06B6E /* Tab.swift in Sources */,
				1C428E7A28B3673E00F11919 /* ContentView.swift in Sources */,
				1C428E7828B3673E00F11919 /* GolferApplicationApp.swift in Sources */,
			);
			runOnlyForDeploymentPostprocessing = 0;
		};
/* End PBXSourcesBuildPhase section */

/* Begin XCBuildConfiguration section */
		1C428E8028B3674500F11919 /* Debug */ = {
			isa = XCBuildConfiguration;
			buildSettings = {
				ALWAYS_SEARCH_USER_PATHS = NO;
				CLANG_ANALYZER_NONNULL = YES;
				CLANG_ANALYZER_NUMBER_OBJECT_CONVERSION = YES_AGGRESSIVE;
				CLANG_CXX_LANGUAGE_STANDARD = "gnu++17";
				CLANG_ENABLE_MODULES = YES;
				CLANG_ENABLE_OBJC_ARC = YES;
				CLANG_ENABLE_OBJC_WEAK = YES;
				CLANG_WARN_BLOCK_CAPTURE_AUTORELEASING = YES;
				CLANG_WARN_BOOL_CONVERSION = YES;
				CLANG_WARN_COMMA = YES;
				CLANG_WARN_CONSTANT_CONVERSION = YES;
				CLANG_WARN_DEPRECATED_OBJC_IMPLEMENTATIONS = YES;
				CLANG_WARN_DIRECT_OBJC_ISA_USAGE = YES_ERROR;
				CLANG_WARN_DOCUMENTATION_COMMENTS = YES;
				CLANG_WARN_EMPTY_BODY = YES;
				CLANG_WARN_ENUM_CONVERSION = YES;
				CLANG_WARN_INFINITE_RECURSION = YES;
				CLANG_WARN_INT_CONVERSION = YES;
				CLANG_WARN_NON_LITERAL_NULL_CONVERSION = YES;
				CLANG_WARN_OBJC_IMPLICIT_RETAIN_SELF = YES;
				CLANG_WARN_OBJC_LITERAL_CONVERSION = YES;
				CLANG_WARN_OBJC_ROOT_CLASS = YES_ERROR;
				CLANG_WARN_QUOTED_INCLUDE_IN_FRAMEWORK_HEADER = YES;
				CLANG_WARN_RANGE_LOOP_ANALYSIS = YES;
				CLANG_WARN_STRICT_PROTOTYPES = YES;
				CLANG_WARN_SUSPICIOUS_MOVE = YES;
				CLANG_WARN_UNGUARDED_AVAILABILITY = YES_AGGRESSIVE;
				CLANG_WARN_UNREACHABLE_CODE = YES;
				CLANG_WARN__DUPLICATE_METHOD_MATCH = YES;
				COPY_PHASE_STRIP = NO;
				DEBUG_INFORMATION_FORMAT = dwarf;
				ENABLE_STRICT_OBJC_MSGSEND = YES;
				ENABLE_TESTABILITY = YES;
				GCC_C_LANGUAGE_STANDARD = gnu11;
				GCC_DYNAMIC_NO_PIC = NO;
				GCC_NO_COMMON_BLOCKS = YES;
				GCC_OPTIMIZATION_LEVEL = 0;
				GCC_PREPROCESSOR_DEFINITIONS = (
					"DEBUG=1",
					"$(inherited)",
				);
				GCC_WARN_64_TO_32_BIT_CONVERSION = YES;
				GCC_WARN_ABOUT_RETURN_TYPE = YES_ERROR;
				GCC_WARN_UNDECLARED_SELECTOR = YES;
				GCC_WARN_UNINITIALIZED_AUTOS = YES_AGGRESSIVE;
				GCC_WARN_UNUSED_FUNCTION = YES;
				GCC_WARN_UNUSED_VARIABLE = YES;
				IPHONEOS_DEPLOYMENT_TARGET = 15.5;
				MTL_ENABLE_DEBUG_INFO = INCLUDE_SOURCE;
				MTL_FAST_MATH = YES;
				ONLY_ACTIVE_ARCH = YES;
				SDKROOT = iphoneos;
				SWIFT_ACTIVE_COMPILATION_CONDITIONS = DEBUG;
				SWIFT_OPTIMIZATION_LEVEL = "-Onone";
			};
			name = Debug;
		};
		1C428E8128B3674500F11919 /* Release */ = {
			isa = XCBuildConfiguration;
			buildSettings = {
				ALWAYS_SEARCH_USER_PATHS = NO;
				CLANG_ANALYZER_NONNULL = YES;
				CLANG_ANALYZER_NUMBER_OBJECT_CONVERSION = YES_AGGRESSIVE;
				CLANG_CXX_LANGUAGE_STANDARD = "gnu++17";
				CLANG_ENABLE_MODULES = YES;
				CLANG_ENABLE_OBJC_ARC = YES;
				CLANG_ENABLE_OBJC_WEAK = YES;
				CLANG_WARN_BLOCK_CAPTURE_AUTORELEASING = YES;
				CLANG_WARN_BOOL_CONVERSION = YES;
				CLANG_WARN_COMMA = YES;
				CLANG_WARN_CONSTANT_CONVERSION = YES;
				CLANG_WARN_DEPRECATED_OBJC_IMPLEMENTATIONS = YES;
				CLANG_WARN_DIRECT_OBJC_ISA_USAGE = YES_ERROR;
				CLANG_WARN_DOCUMENTATION_COMMENTS = YES;
				CLANG_WARN_EMPTY_BODY = YES;
				CLANG_WARN_ENUM_CONVERSION = YES;
				CLANG_WARN_INFINITE_RECURSION = YES;
				CLANG_WARN_INT_CONVERSION = YES;
				CLANG_WARN_NON_LITERAL_NULL_CONVERSION = YES;
				CLANG_WARN_OBJC_IMPLICIT_RETAIN_SELF = YES;
				CLANG_WARN_OBJC_LITERAL_CONVERSION = YES;
				CLANG_WARN_OBJC_ROOT_CLASS = YES_ERROR;
				CLANG_WARN_QUOTED_INCLUDE_IN_FRAMEWORK_HEADER = YES;
				CLANG_WARN_RANGE_LOOP_ANALYSIS = YES;
				CLANG_WARN_STRICT_PROTOTYPES = YES;
				CLANG_WARN_SUSPICIOUS_MOVE = YES;
				CLANG_WARN_UNGUARDED_AVAILABILITY = YES_AGGRESSIVE;
				CLANG_WARN_UNREACHABLE_CODE = YES;
				CLANG_WARN__DUPLICATE_METHOD_MATCH = YES;
				COPY_PHASE_STRIP = NO;
				DEBUG_INFORMATION_FORMAT = "dwarf-with-dsym";
				ENABLE_NS_ASSERTIONS = NO;
				ENABLE_STRICT_OBJC_MSGSEND = YES;
				GCC_C_LANGUAGE_STANDARD = gnu11;
				GCC_NO_COMMON_BLOCKS = YES;
				GCC_WARN_64_TO_32_BIT_CONVERSION = YES;
				GCC_WARN_ABOUT_RETURN_TYPE = YES_ERROR;
				GCC_WARN_UNDECLARED_SELECTOR = YES;
				GCC_WARN_UNINITIALIZED_AUTOS = YES_AGGRESSIVE;
				GCC_WARN_UNUSED_FUNCTION = YES;
				GCC_WARN_UNUSED_VARIABLE = YES;
				IPHONEOS_DEPLOYMENT_TARGET = 15.5;
				MTL_ENABLE_DEBUG_INFO = NO;
				MTL_FAST_MATH = YES;
				SDKROOT = iphoneos;
				SWIFT_COMPILATION_MODE = wholemodule;
				SWIFT_OPTIMIZATION_LEVEL = "-O";
				VALIDATE_PRODUCT = YES;
			};
			name = Release;
		};
		1C428E8328B3674500F11919 /* Debug */ = {
			isa = XCBuildConfiguration;
			buildSettings = {
				ASSETCATALOG_COMPILER_APPICON_NAME = AppIcon;
				ASSETCATALOG_COMPILER_GLOBAL_ACCENT_COLOR_NAME = AccentColor;
				CODE_SIGN_STYLE = Automatic;
				CURRENT_PROJECT_VERSION = 1;
				DEVELOPMENT_ASSET_PATHS = "\"GolferApplication/Preview Content\"";
				DEVELOPMENT_TEAM = Z7F6AJKUC8;
				ENABLE_PREVIEWS = YES;
				GENERATE_INFOPLIST_FILE = YES;
				INFOPLIST_FILE = GolferApplication/Info.plist;
				INFOPLIST_KEY_UIApplicationSceneManifest_Generation = YES;
				INFOPLIST_KEY_UIApplicationSupportsIndirectInputEvents = YES;
				INFOPLIST_KEY_UILaunchScreen_Generation = YES;
				INFOPLIST_KEY_UILaunchStoryboardName = LaunchScreen;
				INFOPLIST_KEY_UISupportedInterfaceOrientations_iPad = "UIInterfaceOrientationPortrait UIInterfaceOrientationPortraitUpsideDown UIInterfaceOrientationLandscapeLeft UIInterfaceOrientationLandscapeRight";
				INFOPLIST_KEY_UISupportedInterfaceOrientations_iPhone = "UIInterfaceOrientationPortrait UIInterfaceOrientationLandscapeLeft UIInterfaceOrientationLandscapeRight";
				LD_RUNPATH_SEARCH_PATHS = (
					"$(inherited)",
					"@executable_path/Frameworks",
				);
				MARKETING_VERSION = 1.0;
				PRODUCT_BUNDLE_IDENTIFIER = roro.GolferApplication;
				PRODUCT_NAME = "$(TARGET_NAME)";
				SWIFT_EMIT_LOC_STRINGS = YES;
				SWIFT_VERSION = 5.0;
				TARGETED_DEVICE_FAMILY = "1,2";
			};
			name = Debug;
		};
		1C428E8428B3674500F11919 /* Release */ = {
			isa = XCBuildConfiguration;
			buildSettings = {
				ASSETCATALOG_COMPILER_APPICON_NAME = AppIcon;
				ASSETCATALOG_COMPILER_GLOBAL_ACCENT_COLOR_NAME = AccentColor;
				CODE_SIGN_STYLE = Automatic;
				CURRENT_PROJECT_VERSION = 1;
				DEVELOPMENT_ASSET_PATHS = "\"GolferApplication/Preview Content\"";
				DEVELOPMENT_TEAM = Z7F6AJKUC8;
				ENABLE_PREVIEWS = YES;
				GENERATE_INFOPLIST_FILE = YES;
				INFOPLIST_FILE = GolferApplication/Info.plist;
				INFOPLIST_KEY_UIApplicationSceneManifest_Generation = YES;
				INFOPLIST_KEY_UIApplicationSupportsIndirectInputEvents = YES;
				INFOPLIST_KEY_UILaunchScreen_Generation = YES;
				INFOPLIST_KEY_UILaunchStoryboardName = LaunchScreen;
				INFOPLIST_KEY_UISupportedInterfaceOrientations_iPad = "UIInterfaceOrientationPortrait UIInterfaceOrientationPortraitUpsideDown UIInterfaceOrientationLandscapeLeft UIInterfaceOrientationLandscapeRight";
				INFOPLIST_KEY_UISupportedInterfaceOrientations_iPhone = "UIInterfaceOrientationPortrait UIInterfaceOrientationLandscapeLeft UIInterfaceOrientationLandscapeRight";
				LD_RUNPATH_SEARCH_PATHS = (
					"$(inherited)",
					"@executable_path/Frameworks",
				);
				MARKETING_VERSION = 1.0;
				PRODUCT_BUNDLE_IDENTIFIER = roro.GolferApplication;
				PRODUCT_NAME = "$(TARGET_NAME)";
				SWIFT_EMIT_LOC_STRINGS = YES;
				SWIFT_VERSION = 5.0;
				TARGETED_DEVICE_FAMILY = "1,2";
			};
			name = Release;
		};
/* End XCBuildConfiguration section */

/* Begin XCConfigurationList section */
		1C428E6F28B3673E00F11919 /* Build configuration list for PBXProject "GolferApplication" */ = {
			isa = XCConfigurationList;
			buildConfigurations = (
				1C428E8028B3674500F11919 /* Debug */,
				1C428E8128B3674500F11919 /* Release */,
			);
			defaultConfigurationIsVisible = 0;
			defaultConfigurationName = Release;
		};
		1C428E8228B3674500F11919 /* Build configuration list for PBXNativeTarget "GolferApplication" */ = {
			isa = XCConfigurationList;
			buildConfigurations = (
				1C428E8328B3674500F11919 /* Debug */,
				1C428E8428B3674500F11919 /* Release */,
			);
			defaultConfigurationIsVisible = 0;
			defaultConfigurationName = Release;
		};
/* End XCConfigurationList section */
	};
	rootObject = 1C428E6C28B3673E00F11919 /* Project object */;
}
